{
  "name": "@toastdotdev/toastnapi",
  "version": "0.0.0",
  "lockfileVersion": 2,
  "requires": true,
  "packages": {
    "": {
      "name": "@toastdotdev/toastnapi",
      "version": "0.0.0",
      "license": "MIT",
      "devDependencies": {
        "@napi-rs/cli": "^2.0.0-alpha.11"
      },
      "engines": {
        "node": ">= 10"
      }
    },
    "node_modules/@napi-rs/cli": {
      "version": "2.0.0-alpha.11",
      "resolved": "https://registry.npmjs.org/@napi-rs/cli/-/cli-2.0.0-alpha.11.tgz",
      "integrity": "sha512-v+ve0NhKddlhnuIoRTM42MjZu8vfxlGM2nfSvk0JHBwfBJrSAIK0PCZzJ9onsWM2dY2qfSNBJyf5k75XAdPKKA==",
      "dev": true,
      "bin": {
        "napi": "scripts/index.js"
      },
      "engines": {
        "node": ">= 10"
      },
      "funding": {
        "type": "github",
        "url": "https://github.com/sponsors/Brooooooklyn"
      }
    }
  },
  "dependencies": {
    "@napi-rs/cli": {
      "version": "2.0.0-alpha.11",
      "resolved": "https://registry.npmjs.org/@napi-rs/cli/-/cli-2.0.0-alpha.11.tgz",
      "integrity": "sha512-v+ve0NhKddlhnuIoRTM42MjZu8vfxlGM2nfSvk0JHBwfBJrSAIK0PCZzJ9onsWM2dY2qfSNBJyf5k75XAdPKKA==",
      "dev": true
    }
  }
}
