# THIS IS AN AUTOGENERATED FILE. DO NOT EDIT THIS FILE DIRECTLY.
# yarn lockfile v1


"@napi-rs/cli@^2.3.0":
  version "2.9.0"
  resolved "https://registry.yarnpkg.com/@napi-rs/cli/-/cli-2.9.0.tgz#3db950b97ea8f2823021383b89cd2f05addeac3a"
  integrity sha512-qZ49ORZJ8rsHlvnnLsJCg9Ik+KfhiIgSea1HDMf6A9KBVxwWCijNhSO8zFvvBr7m1m44cx9WWhnQDnwPqSDeLA==
